
Microsoft Visual Studio Solution File, Format Version 12.00
# Visual Studio Version 17
VisualStudioVersion = 17.9.34728.123
MinimumVisualStudioVersion = 10.0.40219.1
Project("{9A19103F-16F7-4668-BE54-9A1E7A4F7556}") = "SistemaGestionEntities", "SistemaGestionEntities\SistemaGestionEntities.csproj", "{162BCFA0-FB2E-4C93-9BD8-87AE16EA9E9F}"
EndProject
Project("{9A19103F-16F7-4668-BE54-9A1E7A4F7556}") = "SistemaGestionData", "SistemaGestionData\SistemaGestionData.csproj", "{A375C89B-F34D-482A-A6C1-7BF1279FD19C}"
	ProjectSection(ProjectDependencies) = postProject
		{162BCFA0-FB2E-4C93-9BD8-87AE16EA9E9F} = {162BCFA0-FB2E-4C93-9BD8-87AE16EA9E9F}
	EndProjectSection
EndProject
Project("{9A19103F-16F7-4668-BE54-9A1E7A4F7556}") = "SistemaGestionBussiness", "SistemaGestionBussiness\SistemaGestionBussiness.csproj", "{F28E5231-42AF-4316-91ED-635F57FB0B52}"
EndProject
Project("{9A19103F-16F7-4668-BE54-9A1E7A4F7556}") = "SistemaGestionUI", "SistemaGestionUI\SistemaGestionUI.csproj", "{8AA3BA9F-4BDB-4DA7-9CE5-8265086AF3D0}"
EndProject
Project("{FAE04EC0-301F-11D3-BF4B-00C04F79EFBC}") = "SistemaGestionWebApi", "SistemaGestionWebApi\SistemaGestionWebApi.csproj", "{BB89B9CE-44EB-4DF7-B47F-45B9EA8D6529}"
EndProject
Global
	GlobalSection(SolutionConfigurationPlatforms) = preSolution
		Debug|Any CPU = Debug|Any CPU
		Debug|x64 = Debug|x64
		Debug|x86 = Debug|x86
		Release|Any CPU = Release|Any CPU
		Release|x64 = Release|x64
		Release|x86 = Release|x86
	EndGlobalSection
	GlobalSection(ProjectConfigurationPlatforms) = postSolution
		{162BCFA0-FB2E-4C93-9BD8-87AE16EA9E9F}.Debug|Any CPU.ActiveCfg = Debug|Any CPU
		{162BCFA0-FB2E-4C93-9BD8-87AE16EA9E9F}.Debug|Any CPU.Build.0 = Debug|Any CPU
		{162BCFA0-FB2E-4C93-9BD8-87AE16EA9E9F}.Debug|x64.ActiveCfg = Debug|Any CPU
		{162BCFA0-FB2E-4C93-9BD8-87AE16EA9E9F}.Debug|x64.Build.0 = Debug|Any CPU
		{162BCFA0-FB2E-4C93-9BD8-87AE16EA9E9F}.Debug|x86.ActiveCfg = Debug|Any CPU
		{162BCFA0-FB2E-4C93-9BD8-87AE16EA9E9F}.Debug|x86.Build.0 = Debug|Any CPU
		{162BCFA0-FB2E-4C93-9BD8-87AE16EA9E9F}.Release|Any CPU.ActiveCfg = Release|Any CPU
		{162BCFA0-FB2E-4C93-9BD8-87AE16EA9E9F}.Release|Any CPU.Build.0 = Release|Any CPU
		{162BCFA0-FB2E-4C93-9BD8-87AE16EA9E9F}.Release|x64.ActiveCfg = Release|Any CPU
		{162BCFA0-FB2E-4C93-9BD8-87AE16EA9E9F}.Release|x64.Build.0 = Release|Any CPU
		{162BCFA0-FB2E-4C93-9BD8-87AE16EA9E9F}.Release|x86.ActiveCfg = Release|Any CPU
		{162BCFA0-FB2E-4C93-9BD8-87AE16EA9E9F}.Release|x86.Build.0 = Release|Any CPU
		{A375C89B-F34D-482A-A6C1-7BF1279FD19C}.Debug|Any CPU.ActiveCfg = Debug|Any CPU
		{A375C89B-F34D-482A-A6C1-7BF1279FD19C}.Debug|Any CPU.Build.0 = Debug|Any CPU
		{A375C89B-F34D-482A-A6C1-7BF1279FD19C}.Debug|x64.ActiveCfg = Debug|Any CPU
		{A375C89B-F34D-482A-A6C1-7BF1279FD19C}.Debug|x64.Build.0 = Debug|Any CPU
		{A375C89B-F34D-482A-A6C1-7BF1279FD19C}.Debug|x86.ActiveCfg = Debug|Any CPU
		{A375C89B-F34D-482A-A6C1-7BF1279FD19C}.Debug|x86.Build.0 = Debug|Any CPU
		{A375C89B-F34D-482A-A6C1-7BF1279FD19C}.Release|Any CPU.ActiveCfg = Release|Any CPU
		{A375C89B-F34D-482A-A6C1-7BF1279FD19C}.Release|Any CPU.Build.0 = Release|Any CPU
		{A375C89B-F34D-482A-A6C1-7BF1279FD19C}.Release|x64.ActiveCfg = Release|Any CPU
		{A375C89B-F34D-482A-A6C1-7BF1279FD19C}.Release|x64.Build.0 = Release|Any CPU
		{A375C89B-F34D-482A-A6C1-7BF1279FD19C}.Release|x86.ActiveCfg = Release|Any CPU
		{A375C89B-F34D-482A-A6C1-7BF1279FD19C}.Release|x86.Build.0 = Release|Any CPU
		{F28E5231-42AF-4316-91ED-635F57FB0B52}.Debug|Any CPU.ActiveCfg = Debug|Any CPU
		{F28E5231-42AF-4316-91ED-635F57FB0B52}.Debug|Any CPU.Build.0 = Debug|Any CPU
		{F28E5231-42AF-4316-91ED-635F57FB0B52}.Debug|x64.ActiveCfg = Debug|Any CPU
		{F28E5231-42AF-4316-91ED-635F57FB0B52}.Debug|x64.Build.0 = Debug|Any CPU
		{F28E5231-42AF-4316-91ED-635F57FB0B52}.Debug|x86.ActiveCfg = Debug|Any CPU
		{F28E5231-42AF-4316-91ED-635F57FB0B52}.Debug|x86.Build.0 = Debug|Any CPU
		{F28E5231-42AF-4316-91ED-635F57FB0B52}.Release|Any CPU.ActiveCfg = Release|Any CPU
		{F28E5231-42AF-4316-91ED-635F57FB0B52}.Release|Any CPU.Build.0 = Release|Any CPU
		{F28E5231-42AF-4316-91ED-635F57FB0B52}.Release|x64.ActiveCfg = Release|Any CPU
		{F28E5231-42AF-4316-91ED-635F57FB0B52}.Release|x64.Build.0 = Release|Any CPU
		{F28E5231-42AF-4316-91ED-635F57FB0B52}.Release|x86.ActiveCfg = Release|Any CPU
		{F28E5231-42AF-4316-91ED-635F57FB0B52}.Release|x86.Build.0 = Release|Any CPU
		{8AA3BA9F-4BDB-4DA7-9CE5-8265086AF3D0}.Debug|Any CPU.ActiveCfg = Debug|Any CPU
		{8AA3BA9F-4BDB-4DA7-9CE5-8265086AF3D0}.Debug|Any CPU.Build.0 = Debug|Any CPU
		{8AA3BA9F-4BDB-4DA7-9CE5-8265086AF3D0}.Debug|x64.ActiveCfg = Debug|Any CPU
		{8AA3BA9F-4BDB-4DA7-9CE5-8265086AF3D0}.Debug|x64.Build.0 = Debug|Any CPU
		{8AA3BA9F-4BDB-4DA7-9CE5-8265086AF3D0}.Debug|x86.ActiveCfg = Debug|Any CPU
		{8AA3BA9F-4BDB-4DA7-9CE5-8265086AF3D0}.Debug|x86.Build.0 = Debug|Any CPU
		{8AA3BA9F-4BDB-4DA7-9CE5-8265086AF3D0}.Release|Any CPU.ActiveCfg = Release|Any CPU
		{8AA3BA9F-4BDB-4DA7-9CE5-8265086AF3D0}.Release|Any CPU.Build.0 = Release|Any CPU
		{8AA3BA9F-4BDB-4DA7-9CE5-8265086AF3D0}.Release|x64.ActiveCfg = Release|Any CPU
		{8AA3BA9F-4BDB-4DA7-9CE5-8265086AF3D0}.Release|x64.Build.0 = Release|Any CPU
		{8AA3BA9F-4BDB-4DA7-9CE5-8265086AF3D0}.Release|x86.ActiveCfg = Release|Any CPU
		{8AA3BA9F-4BDB-4DA7-9CE5-8265086AF3D0}.Release|x86.Build.0 = Release|Any CPU
		{BB89B9CE-44EB-4DF7-B47F-45B9EA8D6529}.Debug|Any CPU.ActiveCfg = Debug|Any CPU
		{BB89B9CE-44EB-4DF7-B47F-45B9EA8D6529}.Debug|Any CPU.Build.0 = Debug|Any CPU
		{BB89B9CE-44EB-4DF7-B47F-45B9EA8D6529}.Debug|x64.ActiveCfg = Debug|Any CPU
		{BB89B9CE-44EB-4DF7-B47F-45B9EA8D6529}.Debug|x64.Build.0 = Debug|Any CPU
		{BB89B9CE-44EB-4DF7-B47F-45B9EA8D6529}.Debug|x86.ActiveCfg = Debug|Any CPU
		{BB89B9CE-44EB-4DF7-B47F-45B9EA8D6529}.Debug|x86.Build.0 = Debug|Any CPU
		{BB89B9CE-44EB-4DF7-B47F-45B9EA8D6529}.Release|Any CPU.ActiveCfg = Release|Any CPU
		{BB89B9CE-44EB-4DF7-B47F-45B9EA8D6529}.Release|Any CPU.Build.0 = Release|Any CPU
		{BB89B9CE-44EB-4DF7-B47F-45B9EA8D6529}.Release|x64.ActiveCfg = Release|Any CPU
		{BB89B9CE-44EB-4DF7-B47F-45B9EA8D6529}.Release|x64.Build.0 = Release|Any CPU
		{BB89B9CE-44EB-4DF7-B47F-45B9EA8D6529}.Release|x86.ActiveCfg = Release|Any CPU
		{BB89B9CE-44EB-4DF7-B47F-45B9EA8D6529}.Release|x86.Build.0 = Release|Any CPU
	EndGlobalSection
	GlobalSection(SolutionProperties) = preSolution
		HideSolutionNode = FALSE
	EndGlobalSection
	GlobalSection(ExtensibilityGlobals) = postSolution
		SolutionGuid = {ACD08F27-947D-41CB-909A-B2DFE40CE23D}
	EndGlobalSection
EndGlobal
